schema: '2.0'
stages:
  data_ingestion:
    cmd: python sourcefiles/data_ingestion.py
    deps:
    - path: sourcefiles/data_ingestion.py
      hash: md5
      md5: 4f5f8a2092c063045d5eddbf1a8d48b6
      size: 5832
    params:
      params.yaml:
        data_ingestion.test_size: 0.3
    outs:
    - path: data/raw
      hash: md5
      md5: ccc9931d49fac5166053e03c95d3917e.dir
      size: 443700
      nfiles: 2
  data_preprocessing:
    cmd: python sourcefiles/data_preprocessing.py
    deps:
    - path: data/raw
      hash: md5
      md5: ccc9931d49fac5166053e03c95d3917e.dir
      size: 443700
      nfiles: 2
    - path: sourcefiles/data_preprocessing.py
      hash: md5
      md5: 2136aac4658e9f93673606231ae14579
      size: 5213
    outs:
    - path: data/interim
      hash: md5
      md5: 5cab009fc4fdc5caa996cd6c499a03e1.dir
      size: 240556
      nfiles: 2
  feature_engineering:
    cmd: python sourcefiles/feature_engineering.py
    deps:
    - path: data/interim
      hash: md5
      md5: 5cab009fc4fdc5caa996cd6c499a03e1.dir
      size: 240556
      nfiles: 2
    - path: sourcefiles/feature_engineering.py
      hash: md5
      md5: 62478fdd6d5f62e5e1d9ecb21826678f
      size: 5734
    params:
      params.yaml:
        feature_engineering.max_features: 50
    outs:
    - path: data/processed
      hash: md5
      md5: 45c5f34bbfdbb091caa8622d951d290b.dir
      size: 1159820
      nfiles: 2
  model_building:
    cmd: python sourcefiles/model_building.py
    deps:
    - path: data/processed
      hash: md5
      md5: 45c5f34bbfdbb091caa8622d951d290b.dir
      size: 1159820
      nfiles: 2
    - path: sourcefiles/model_building.py
      hash: md5
      md5: 46345c638b019bacf91088c350971aed
      size: 5852
    params:
      params.yaml:
        model_building.n_estimators: 25
        model_building.random_state: 2
    outs:
    - path: models/random_forest_model.pkl
      hash: md5
      md5: 4bc13a4ad3502ea491ba422ecc755227
      size: 944855
  model_evaluation:
    cmd: python sourcefiles/model_evaluation.py
    deps:
    - path: models/random_forest_model.pkl
      hash: md5
      md5: 4bc13a4ad3502ea491ba422ecc755227
      size: 944855
    - path: sourcefiles/model_evaluation.py
      hash: md5
      md5: 9c687805ccc49eb0a45c7f862d957e0c
      size: 6812
    outs:
    - path: reports/metrics_evaluation_report.json
      hash: md5
      md5: 8467924d68ca046712d5f8f8f3039aae
      size: 149
